{
  "object": {
    "pins": [
      {
        "package": "SwiftProtobuf",
        "repositoryURL": "https://github.com/KianIranian-STDG/swift-protobuf.git",
        "state": {
          "branch": null,
          "revision": "8d7e7248c09e7d032e226d9b71a48f72de45daee",
          "version": "1.14.0"
        }
      }
    ]
  },
  "version": 1
}
